
Microsoft Visual Studio Solution File, Format Version 12.00
# Visual Studio Version 17
VisualStudioVersion = 17.7.34031.279
MinimumVisualStudioVersion = 10.0.40219.1
Project("{FAE04EC0-301F-11D3-BF4B-00C04F79EFBC}") = "WpfApp2", "WpfApp2\WpfApp2.csproj", "{4A9FAAB8-1F26-463A-9095-730EE8172F41}"
EndProject
Global
	GlobalSection(SolutionConfigurationPlatforms) = preSolution
		Debug|Any CPU = Debug|Any CPU
		Release|Any CPU = Release|Any CPU
	EndGlobalSection
	GlobalSection(ProjectConfigurationPlatforms) = postSolution
		{4A9FAAB8-1F26-463A-9095-730EE8172F41}.Debug|Any CPU.ActiveCfg = Debug|Any CPU
		{4A9FAAB8-1F26-463A-9095-730EE8172F41}.Debug|Any CPU.Build.0 = Debug|Any CPU
		{4A9FAAB8-1F26-463A-9095-730EE8172F41}.Release|Any CPU.ActiveCfg = Release|Any CPU
		{4A9FAAB8-1F26-463A-9095-730EE8172F41}.Release|Any CPU.Build.0 = Release|Any CPU
	EndGlobalSection
	GlobalSection(SolutionProperties) = preSolution
		HideSolutionNode = FALSE
	EndGlobalSection
	GlobalSection(ExtensibilityGlobals) = postSolution
		SolutionGuid = {C8783092-EA05-4F66-A246-E41B784BD54B}
	EndGlobalSection
EndGlobal
